
Microsoft Visual Studio Solution File, Format Version 12.00
# Visual Studio Version 17
VisualStudioVersion = 17.13.35931.197
MinimumVisualStudioVersion = 10.0.40219.1
Project("{FAE04EC0-301F-11D3-BF4B-00C04F79EFBC}") = "AIChat", "AIChat\AIChat.csproj", "{61D86040-B778-457C-5D1F-DB796D34C65C}"
EndProject
Project("{FAE04EC0-301F-11D3-BF4B-00C04F79EFBC}") = "AIChatUnitTest", "AIChatUnitTest\AIChatUnitTest.csproj", "{308B9A31-2279-4424-9A56-048E9CBD5732}"
EndProject
Project("{FAE04EC0-301F-11D3-BF4B-00C04F79EFBC}") = "AnthropicClient", "..\anthropic-client\src\AnthropicClient\AnthropicClient.csproj", "{94903686-4FA8-FF4F-38BA-EA5995C153D7}"
EndProject
Project("{FAE04EC0-301F-11D3-BF4B-00C04F79EFBC}") = "OpenContentAICHat", "OpenContentAICHat\OpenContentAICHat.csproj", "{586363A9-C012-4919-802D-50C8FC4C3473}"
EndProject
Global
	GlobalSection(SolutionConfigurationPlatforms) = preSolution
		Debug|Any CPU = Debug|Any CPU
		Release|Any CPU = Release|Any CPU
	EndGlobalSection
	GlobalSection(ProjectConfigurationPlatforms) = postSolution
		{61D86040-B778-457C-5D1F-DB796D34C65C}.Debug|Any CPU.ActiveCfg = Debug|Any CPU
		{61D86040-B778-457C-5D1F-DB796D34C65C}.Debug|Any CPU.Build.0 = Debug|Any CPU
		{61D86040-B778-457C-5D1F-DB796D34C65C}.Release|Any CPU.ActiveCfg = Release|Any CPU
		{61D86040-B778-457C-5D1F-DB796D34C65C}.Release|Any CPU.Build.0 = Release|Any CPU
		{308B9A31-2279-4424-9A56-048E9CBD5732}.Debug|Any CPU.ActiveCfg = Debug|Any CPU
		{308B9A31-2279-4424-9A56-048E9CBD5732}.Debug|Any CPU.Build.0 = Debug|Any CPU
		{308B9A31-2279-4424-9A56-048E9CBD5732}.Release|Any CPU.ActiveCfg = Release|Any CPU
		{308B9A31-2279-4424-9A56-048E9CBD5732}.Release|Any CPU.Build.0 = Release|Any CPU
		{94903686-4FA8-FF4F-38BA-EA5995C153D7}.Debug|Any CPU.ActiveCfg = Debug|Any CPU
		{94903686-4FA8-FF4F-38BA-EA5995C153D7}.Debug|Any CPU.Build.0 = Debug|Any CPU
		{94903686-4FA8-FF4F-38BA-EA5995C153D7}.Release|Any CPU.ActiveCfg = Release|Any CPU
		{94903686-4FA8-FF4F-38BA-EA5995C153D7}.Release|Any CPU.Build.0 = Release|Any CPU
		{586363A9-C012-4919-802D-50C8FC4C3473}.Debug|Any CPU.ActiveCfg = Debug|Any CPU
		{586363A9-C012-4919-802D-50C8FC4C3473}.Debug|Any CPU.Build.0 = Debug|Any CPU
		{586363A9-C012-4919-802D-50C8FC4C3473}.Release|Any CPU.ActiveCfg = Release|Any CPU
		{586363A9-C012-4919-802D-50C8FC4C3473}.Release|Any CPU.Build.0 = Release|Any CPU
	EndGlobalSection
	GlobalSection(SolutionProperties) = preSolution
		HideSolutionNode = FALSE
	EndGlobalSection
	GlobalSection(ExtensibilityGlobals) = postSolution
		SolutionGuid = {E49BD1D1-F597-4C78-A75E-BB280304B9C5}
	EndGlobalSection
EndGlobal
